
Microsoft Visual Studio Solution File, Format Version 12.00
# Visual Studio 15
VisualStudioVersion = 15.0.26124.0
MinimumVisualStudioVersion = 15.0.26124.0
Project("{2150E333-8FDC-42A3-9474-1A3956D46DE8}") = "src", "src", "{0B062D1B-83F3-4C4B-8583-5AF80BA73403}"
EndProject
Project("{9A19103F-16F7-4668-BE54-9A1E7A4F7556}") = "Questions", "src\Questions\Questions.csproj", "{6498797C-DE02-4D89-81F1-71B7E3D1CCCB}"
EndProject
Project("{2150E333-8FDC-42A3-9474-1A3956D46DE8}") = "test", "test", "{BBC009E8-A651-4C8F-8B05-EF2111D09F95}"
EndProject
Project("{9A19103F-16F7-4668-BE54-9A1E7A4F7556}") = "UnitTests", "test\UnitTests\UnitTests.csproj", "{21DD708B-2A28-4576-B622-D0FDB89E2965}"
EndProject
Project("{9A19103F-16F7-4668-BE54-9A1E7A4F7556}") = "ManualTests", "test\ManualTests\ManualTests.csproj", "{47B80B70-C8A5-42A2-948E-41891AFECD48}"
EndProject
Global
	GlobalSection(SolutionConfigurationPlatforms) = preSolution
		Debug|Any CPU = Debug|Any CPU
		Debug|x64 = Debug|x64
		Debug|x86 = Debug|x86
		Release|Any CPU = Release|Any CPU
		Release|x64 = Release|x64
		Release|x86 = Release|x86
	EndGlobalSection
	GlobalSection(ProjectConfigurationPlatforms) = postSolution
		{6498797C-DE02-4D89-81F1-71B7E3D1CCCB}.Debug|Any CPU.ActiveCfg = Debug|Any CPU
		{6498797C-DE02-4D89-81F1-71B7E3D1CCCB}.Debug|Any CPU.Build.0 = Debug|Any CPU
		{6498797C-DE02-4D89-81F1-71B7E3D1CCCB}.Debug|x64.ActiveCfg = Debug|Any CPU
		{6498797C-DE02-4D89-81F1-71B7E3D1CCCB}.Debug|x64.Build.0 = Debug|Any CPU
		{6498797C-DE02-4D89-81F1-71B7E3D1CCCB}.Debug|x86.ActiveCfg = Debug|Any CPU
		{6498797C-DE02-4D89-81F1-71B7E3D1CCCB}.Debug|x86.Build.0 = Debug|Any CPU
		{6498797C-DE02-4D89-81F1-71B7E3D1CCCB}.Release|Any CPU.ActiveCfg = Release|Any CPU
		{6498797C-DE02-4D89-81F1-71B7E3D1CCCB}.Release|Any CPU.Build.0 = Release|Any CPU
		{6498797C-DE02-4D89-81F1-71B7E3D1CCCB}.Release|x64.ActiveCfg = Release|Any CPU
		{6498797C-DE02-4D89-81F1-71B7E3D1CCCB}.Release|x64.Build.0 = Release|Any CPU
		{6498797C-DE02-4D89-81F1-71B7E3D1CCCB}.Release|x86.ActiveCfg = Release|Any CPU
		{6498797C-DE02-4D89-81F1-71B7E3D1CCCB}.Release|x86.Build.0 = Release|Any CPU
		{21DD708B-2A28-4576-B622-D0FDB89E2965}.Debug|Any CPU.ActiveCfg = Debug|Any CPU
		{21DD708B-2A28-4576-B622-D0FDB89E2965}.Debug|Any CPU.Build.0 = Debug|Any CPU
		{21DD708B-2A28-4576-B622-D0FDB89E2965}.Debug|x64.ActiveCfg = Debug|Any CPU
		{21DD708B-2A28-4576-B622-D0FDB89E2965}.Debug|x64.Build.0 = Debug|Any CPU
		{21DD708B-2A28-4576-B622-D0FDB89E2965}.Debug|x86.ActiveCfg = Debug|Any CPU
		{21DD708B-2A28-4576-B622-D0FDB89E2965}.Debug|x86.Build.0 = Debug|Any CPU
		{21DD708B-2A28-4576-B622-D0FDB89E2965}.Release|Any CPU.ActiveCfg = Release|Any CPU
		{21DD708B-2A28-4576-B622-D0FDB89E2965}.Release|Any CPU.Build.0 = Release|Any CPU
		{21DD708B-2A28-4576-B622-D0FDB89E2965}.Release|x64.ActiveCfg = Release|Any CPU
		{21DD708B-2A28-4576-B622-D0FDB89E2965}.Release|x64.Build.0 = Release|Any CPU
		{21DD708B-2A28-4576-B622-D0FDB89E2965}.Release|x86.ActiveCfg = Release|Any CPU
		{21DD708B-2A28-4576-B622-D0FDB89E2965}.Release|x86.Build.0 = Release|Any CPU
		{47B80B70-C8A5-42A2-948E-41891AFECD48}.Debug|Any CPU.ActiveCfg = Debug|Any CPU
		{47B80B70-C8A5-42A2-948E-41891AFECD48}.Debug|Any CPU.Build.0 = Debug|Any CPU
		{47B80B70-C8A5-42A2-948E-41891AFECD48}.Debug|x64.ActiveCfg = Debug|Any CPU
		{47B80B70-C8A5-42A2-948E-41891AFECD48}.Debug|x64.Build.0 = Debug|Any CPU
		{47B80B70-C8A5-42A2-948E-41891AFECD48}.Debug|x86.ActiveCfg = Debug|Any CPU
		{47B80B70-C8A5-42A2-948E-41891AFECD48}.Debug|x86.Build.0 = Debug|Any CPU
		{47B80B70-C8A5-42A2-948E-41891AFECD48}.Release|Any CPU.ActiveCfg = Release|Any CPU
		{47B80B70-C8A5-42A2-948E-41891AFECD48}.Release|Any CPU.Build.0 = Release|Any CPU
		{47B80B70-C8A5-42A2-948E-41891AFECD48}.Release|x64.ActiveCfg = Release|Any CPU
		{47B80B70-C8A5-42A2-948E-41891AFECD48}.Release|x64.Build.0 = Release|Any CPU
		{47B80B70-C8A5-42A2-948E-41891AFECD48}.Release|x86.ActiveCfg = Release|Any CPU
		{47B80B70-C8A5-42A2-948E-41891AFECD48}.Release|x86.Build.0 = Release|Any CPU
	EndGlobalSection
	GlobalSection(SolutionProperties) = preSolution
		HideSolutionNode = FALSE
	EndGlobalSection
	GlobalSection(NestedProjects) = preSolution
		{6498797C-DE02-4D89-81F1-71B7E3D1CCCB} = {0B062D1B-83F3-4C4B-8583-5AF80BA73403}
		{21DD708B-2A28-4576-B622-D0FDB89E2965} = {BBC009E8-A651-4C8F-8B05-EF2111D09F95}
		{47B80B70-C8A5-42A2-948E-41891AFECD48} = {BBC009E8-A651-4C8F-8B05-EF2111D09F95}
	EndGlobalSection
	GlobalSection(ExtensibilityGlobals) = postSolution
		SolutionGuid = {9D09C979-6D29-4D60-B1B4-AE0185C250FB}
	EndGlobalSection
EndGlobal
